
Microsoft Visual Studio Solution File, Format Version 12.00
Project("{2150E333-8FDC-42A3-9474-1A3956D46DE8}") = "src", "src", "{F25C0BBB-C4D5-48A4-87B3-EF05043283DA}"
EndProject
Project("{FAE04EC0-301F-11D3-BF4B-00C04F79EFBC}") = "Kiira.Platform.Worker.Api", "src\Kiira.Platform.Worker.Api\Kiira.Platform.Worker.Api.csproj", "{B3839DAC-12A7-4280-B44D-EA0E8C3A94C8}"
EndProject
Project("{2150E333-8FDC-42A3-9474-1A3956D46DE8}") = "test", "test", "{EB3395B3-3A7C-4AE9-951D-478C4F9EFB27}"
EndProject
Project("{FAE04EC0-301F-11D3-BF4B-00C04F79EFBC}") = "Kiira.Platform.Worker.Api.Tests", "test\Kiira.Platform.Worker.Api.Tests\Kiira.Platform.Worker.Api.Tests.csproj", "{A1582D6B-532A-4381-AD62-D6E51584A3EA}"
EndProject
Project("{FAE04EC0-301F-11D3-BF4B-00C04F79EFBC}") = "Kiira.Platform.Core.Domain", "src\Kiira.Platform.Core.Domain\Kiira.Platform.Core.Domain.csproj", "{FEF85AD5-5D5E-4588-B44F-41981858AE5F}"
EndProject
Project("{FAE04EC0-301F-11D3-BF4B-00C04F79EFBC}") = "Kiira.Platform.Core.Domain.Tests", "test\Kiira.Platform.Core.Domain.Tests\Kiira.Platform.Core.Domain.Tests.csproj", "{E4B74BD0-FF3F-4E92-807D-36E591121E22}"
EndProject
Project("{FAE04EC0-301F-11D3-BF4B-00C04F79EFBC}") = "Kiira.Platform.Core.Application", "src\Kiira.Platform.Core.Application\Kiira.Platform.Core.Application.csproj", "{6D378ABA-D225-4C75-B424-D71C5B488A65}"
EndProject
Project("{FAE04EC0-301F-11D3-BF4B-00C04F79EFBC}") = "Kiira.Core.Domain", "..\..\packages\dotnet\src\Kiira.Core.Domain\Kiira.Core.Domain.csproj", "{57D427B1-52D0-4EF8-BF06-9FD80EFDB07A}"
EndProject
Global
	GlobalSection(SolutionConfigurationPlatforms) = preSolution
		Debug|Any CPU = Debug|Any CPU
		Release|Any CPU = Release|Any CPU
	EndGlobalSection
	GlobalSection(NestedProjects) = preSolution
		{B3839DAC-12A7-4280-B44D-EA0E8C3A94C8} = {F25C0BBB-C4D5-48A4-87B3-EF05043283DA}
		{A1582D6B-532A-4381-AD62-D6E51584A3EA} = {EB3395B3-3A7C-4AE9-951D-478C4F9EFB27}
		{FEF85AD5-5D5E-4588-B44F-41981858AE5F} = {F25C0BBB-C4D5-48A4-87B3-EF05043283DA}
		{E4B74BD0-FF3F-4E92-807D-36E591121E22} = {EB3395B3-3A7C-4AE9-951D-478C4F9EFB27}
		{6D378ABA-D225-4C75-B424-D71C5B488A65} = {F25C0BBB-C4D5-48A4-87B3-EF05043283DA}
	EndGlobalSection
	GlobalSection(ProjectConfigurationPlatforms) = postSolution
		{B3839DAC-12A7-4280-B44D-EA0E8C3A94C8}.Debug|Any CPU.ActiveCfg = Debug|Any CPU
		{B3839DAC-12A7-4280-B44D-EA0E8C3A94C8}.Debug|Any CPU.Build.0 = Debug|Any CPU
		{B3839DAC-12A7-4280-B44D-EA0E8C3A94C8}.Release|Any CPU.ActiveCfg = Release|Any CPU
		{B3839DAC-12A7-4280-B44D-EA0E8C3A94C8}.Release|Any CPU.Build.0 = Release|Any CPU
		{A1582D6B-532A-4381-AD62-D6E51584A3EA}.Debug|Any CPU.ActiveCfg = Debug|Any CPU
		{A1582D6B-532A-4381-AD62-D6E51584A3EA}.Debug|Any CPU.Build.0 = Debug|Any CPU
		{A1582D6B-532A-4381-AD62-D6E51584A3EA}.Release|Any CPU.ActiveCfg = Release|Any CPU
		{A1582D6B-532A-4381-AD62-D6E51584A3EA}.Release|Any CPU.Build.0 = Release|Any CPU
		{FEF85AD5-5D5E-4588-B44F-41981858AE5F}.Debug|Any CPU.ActiveCfg = Debug|Any CPU
		{FEF85AD5-5D5E-4588-B44F-41981858AE5F}.Debug|Any CPU.Build.0 = Debug|Any CPU
		{FEF85AD5-5D5E-4588-B44F-41981858AE5F}.Release|Any CPU.ActiveCfg = Release|Any CPU
		{FEF85AD5-5D5E-4588-B44F-41981858AE5F}.Release|Any CPU.Build.0 = Release|Any CPU
		{E4B74BD0-FF3F-4E92-807D-36E591121E22}.Debug|Any CPU.ActiveCfg = Debug|Any CPU
		{E4B74BD0-FF3F-4E92-807D-36E591121E22}.Debug|Any CPU.Build.0 = Debug|Any CPU
		{E4B74BD0-FF3F-4E92-807D-36E591121E22}.Release|Any CPU.ActiveCfg = Release|Any CPU
		{E4B74BD0-FF3F-4E92-807D-36E591121E22}.Release|Any CPU.Build.0 = Release|Any CPU
		{6D378ABA-D225-4C75-B424-D71C5B488A65}.Debug|Any CPU.ActiveCfg = Debug|Any CPU
		{6D378ABA-D225-4C75-B424-D71C5B488A65}.Debug|Any CPU.Build.0 = Debug|Any CPU
		{6D378ABA-D225-4C75-B424-D71C5B488A65}.Release|Any CPU.ActiveCfg = Release|Any CPU
		{6D378ABA-D225-4C75-B424-D71C5B488A65}.Release|Any CPU.Build.0 = Release|Any CPU
		{57D427B1-52D0-4EF8-BF06-9FD80EFDB07A}.Debug|Any CPU.ActiveCfg = Debug|Any CPU
		{57D427B1-52D0-4EF8-BF06-9FD80EFDB07A}.Debug|Any CPU.Build.0 = Debug|Any CPU
		{57D427B1-52D0-4EF8-BF06-9FD80EFDB07A}.Release|Any CPU.ActiveCfg = Release|Any CPU
		{57D427B1-52D0-4EF8-BF06-9FD80EFDB07A}.Release|Any CPU.Build.0 = Release|Any CPU
	EndGlobalSection
EndGlobal
