
Microsoft Visual Studio Solution File, Format Version 12.00
Project("{2150E333-8FDC-42A3-9474-1A3956D46DE8}") = "src", "src", "{EDE25061-0D43-4627-8370-144DFAA38C1A}"
EndProject
Project("{FAE04EC0-301F-11D3-BF4B-00C04F79EFBC}") = "Kiira.Core", "Kiira.Core\Kiira.Core.csproj", "{B1B28988-6B8D-4E6C-8245-D7CB0BAD0DEB}"
EndProject
Project("{2150E333-8FDC-42A3-9474-1A3956D46DE8}") = "test", "test", "{7D5C4270-9A94-496B-B9EF-DB99DEF5EB7F}"
EndProject
Project("{FAE04EC0-301F-11D3-BF4B-00C04F79EFBC}") = "Kiira.Core.Tests", "test\Kiira.Core.Tests\Kiira.Core.Tests.csproj", "{749FAB92-5C4C-4E85-8821-0B5AA2462C92}"
EndProject
Global
	GlobalSection(SolutionConfigurationPlatforms) = preSolution
		Debug|Any CPU = Debug|Any CPU
		Release|Any CPU = Release|Any CPU
	EndGlobalSection
	GlobalSection(NestedProjects) = preSolution
		{B1B28988-6B8D-4E6C-8245-D7CB0BAD0DEB} = {EDE25061-0D43-4627-8370-144DFAA38C1A}
		{749FAB92-5C4C-4E85-8821-0B5AA2462C92} = {7D5C4270-9A94-496B-B9EF-DB99DEF5EB7F}
	EndGlobalSection
	GlobalSection(ProjectConfigurationPlatforms) = postSolution
		{B1B28988-6B8D-4E6C-8245-D7CB0BAD0DEB}.Debug|Any CPU.ActiveCfg = Debug|Any CPU
		{B1B28988-6B8D-4E6C-8245-D7CB0BAD0DEB}.Debug|Any CPU.Build.0 = Debug|Any CPU
		{B1B28988-6B8D-4E6C-8245-D7CB0BAD0DEB}.Release|Any CPU.ActiveCfg = Release|Any CPU
		{B1B28988-6B8D-4E6C-8245-D7CB0BAD0DEB}.Release|Any CPU.Build.0 = Release|Any CPU
		{749FAB92-5C4C-4E85-8821-0B5AA2462C92}.Debug|Any CPU.ActiveCfg = Debug|Any CPU
		{749FAB92-5C4C-4E85-8821-0B5AA2462C92}.Debug|Any CPU.Build.0 = Debug|Any CPU
		{749FAB92-5C4C-4E85-8821-0B5AA2462C92}.Release|Any CPU.ActiveCfg = Release|Any CPU
		{749FAB92-5C4C-4E85-8821-0B5AA2462C92}.Release|Any CPU.Build.0 = Release|Any CPU
	EndGlobalSection
EndGlobal
